{
  "originHash" : "6d663436d4c3f39ac3e0f18e7451167bcf28808931d2ea960a02e422bb54691d",
  "pins" : [
    {
      "identity" : "grdb.swift",
      "kind" : "remoteSourceControl",
      "location" : "https://github.com/johnny4young/GRDB.swift.git",
      "state" : {
        "revision" : "d036a07fd43b5302443f2c2c0e0e3ca84f8b7ebf"
      }
    },
    {
      "identity" : "sauce",
      "kind" : "remoteSourceControl",
      "location" : "https://github.com/Clipy/Sauce.git",
      "state" : {
        "revision" : "1fce89ccc9cbb091022c17ef8f9939901d4e951a",
        "version" : "2.5.2"
      }
    },
    {
      "identity" : "sqlcipher.swift",
      "kind" : "remoteSourceControl",
      "location" : "https://github.com/sqlcipher/SQLCipher.swift.git",
      "state" : {
        "revision" : "205df55271aa1ba512a9bfe3fd1813bc9ac52a19",
        "version" : "4.17.0"
      }
    },
    {
      "identity" : "swiftsdk",
      "kind" : "remoteSourceControl",
      "location" : "https://github.com/TelemetryDeck/SwiftSDK",
      "state" : {
        "revision" : "58f436299d3f6710bcedc18aff26480aaf1879fc",
        "version" : "2.14.2"
      }
    }
  ],
  "version" : 3
}
