{
  "originHash" : "1aa087dfaf655ab1611aeb67e155bbbeaa95f8c6469ed71d1ab1fcfd94b6000e",
  "pins" : [
    {
      "identity" : "grdb.swift",
      "kind" : "remoteSourceControl",
      "location" : "https://github.com/groue/GRDB.swift.git",
      "state" : {
        "revision" : "9ed8c8457e00ff9c7aedb3bf213f20a2cfdf509e",
        "version" : "7.11.0"
      }
    },
    {
      "identity" : "sauce",
      "kind" : "remoteSourceControl",
      "location" : "https://github.com/Clipy/Sauce.git",
      "state" : {
        "revision" : "c9ebdcfddb4b94da5b9a6ebd113ab385edda88c1",
        "version" : "2.5.0"
      }
    }
  ],
  "version" : 3
}
